
Microsoft Visual Studio Solution File, Format Version 12.00
# Visual Studio Version 17
VisualStudioVersion = 17.8.34227.203
MinimumVisualStudioVersion = 10.0.40219.1
Project("{FAE04EC0-301F-11D3-BF4B-00C04F79EFBC}") = "FlyoutCarousel", "FlyoutCarousel.csproj", "{9C106E10-ABA8-47B4-8230-56C211830537}"
EndProject
Global
	GlobalSection(SolutionConfigurationPlatforms) = preSolution
		Debug|Any CPU = Debug|Any CPU
		Release|Any CPU = Release|Any CPU
	EndGlobalSection
	GlobalSection(ProjectConfigurationPlatforms) = postSolution
		{9C106E10-ABA8-47B4-8230-56C211830537}.Debug|Any CPU.ActiveCfg = Debug|Any CPU
		{9C106E10-ABA8-47B4-8230-56C211830537}.Debug|Any CPU.Build.0 = Debug|Any CPU
		{9C106E10-ABA8-47B4-8230-56C211830537}.Debug|Any CPU.Deploy.0 = Debug|Any CPU
		{9C106E10-ABA8-47B4-8230-56C211830537}.Release|Any CPU.ActiveCfg = Release|Any CPU
		{9C106E10-ABA8-47B4-8230-56C211830537}.Release|Any CPU.Build.0 = Release|Any CPU
		{9C106E10-ABA8-47B4-8230-56C211830537}.Release|Any CPU.Deploy.0 = Release|Any CPU
	EndGlobalSection
	GlobalSection(SolutionProperties) = preSolution
		HideSolutionNode = FALSE
	EndGlobalSection
	GlobalSection(ExtensibilityGlobals) = postSolution
		SolutionGuid = {C8A02EB7-A15B-4D97-AC74-81C3F050E71A}
	EndGlobalSection
EndGlobal
